<?xml version="1.0" encoding="utf-8"?>
<Project ToolsVersion="4.0" xmlns="http://schemas.microsoft.com/developer/msbuild/2003">
  <ItemGroup>
    <Filter Include="Source Files">
      <UniqueIdentifier>{4FC737F1-C7A5-4376-A066-2A32D752A2FF}</UniqueIdentifier>
      <Extensions>cpp;c;cc;cxx;def;odl;idl;hpj;bat;asm;asmx</Extensions>
    </Filter>
    <Filter Include="Header Files">
      <UniqueIdentifier>{93995380-89BD-4b04-88EB-625FBE52EBFB}</UniqueIdentifier>
      <Extensions>h;hh;hpp;hxx;hm;inl;inc;xsd</Extensions>
    </Filter>
    <Filter Include="Resource Files">
      <UniqueIdentifier>{67DA6AB6-F800-4c08-8B7A-83BB121AAD01}</UniqueIdentifier>
      <Extensions>rc;ico;cur;bmp;dlg;rc2;rct;bin;rgs;gif;jpg;jpeg;jpe;resx;tiff;tif;png;wav;mfcribbon-ms</Extensions>
    </Filter>
  </ItemGroup>
  <ItemGroup>
    <None Include="packages.config" />
  </ItemGroup>
  <ItemGroup>
    <ClCompile Include="DemoTile.cpp">
      <Filter>Source Files</Filter>
    </ClCompile>
    <ClCompile Include="Entity.cpp">
      <Filter>Source Files</Filter>
    </ClCompile>
    <ClCompile Include="ErrorState.cpp">
      <Filter>Source Files</Filter>
    </ClCompile>
    <ClCompile Include="GenerateMazeState.cpp">
      <Filter>Source Files</Filter>
    </ClCompile>
    <ClCompile Include="MenuState.cpp">
      <Filter>Source Files</Filter>
    </ClCompile>
    <ClCompile Include="SolvedState.cpp">
      <Filter>Source Files</Filter>
    </ClCompile>
    <ClCompile Include="BfsSolverState.cpp">
      <Filter>Source Files</Filter>
    </ClCompile>
    <ClCompile Include="Demo.cpp">
      <Filter>Source Files</Filter>
    </ClCompile>
    <ClCompile Include="DemoHelpers.cpp">
      <Filter>Source Files</Filter>
    </ClCompile>
    <ClCompile Include="DemoHud.cpp">
      <Filter>Source Files</Filter>
    </ClCompile>
    <ClCompile Include="DemoMain.cpp">
      <Filter>Source Files</Filter>
    </ClCompile>
    <ClCompile Include="DemoState.cpp">
      <Filter>Source Files</Filter>
    </ClCompile>
    <ClCompile Include="DemoAnimation.cpp">
      <Filter>Source Files</Filter>
    </ClCompile>
  </ItemGroup>
  <ItemGroup>
    <ClInclude Include="DemoState.h">
      <Filter>Header Files</Filter>
    </ClInclude>
    <ClInclude Include="DemoTile.h">
      <Filter>Header Files</Filter>
    </ClInclude>
    <ClInclude Include="Entity.h">
      <Filter>Header Files</Filter>
    </ClInclude>
    <ClInclude Include="ErrorState.h">
      <Filter>Header Files</Filter>
    </ClInclude>
    <ClInclude Include="GenerateMazeState.h">
      <Filter>Header Files</Filter>
    </ClInclude>
    <ClInclude Include="MenuState.h">
      <Filter>Header Files</Filter>
    </ClInclude>
    <ClInclude Include="SolvedState.h">
      <Filter>Header Files</Filter>
    </ClInclude>
    <ClInclude Include="BfsSolverState.h">
      <Filter>Header Files</Filter>
    </ClInclude>
    <ClInclude Include="Demo.h">
      <Filter>Header Files</Filter>
    </ClInclude>
    <ClInclude Include="DemoHelpers.h">
      <Filter>Header Files</Filter>
    </ClInclude>
    <ClInclude Include="DemoHud.h">
      <Filter>Header Files</Filter>
    </ClInclude>
    <ClInclude Include="DemoAnimation.h">
      <Filter>Header Files</Filter>
    </ClInclude>
  </ItemGroup>
  <ItemGroup>
    <Font Include="..\Debug\Fonts\arial.ttf">
      <Filter>Resource Files</Filter>
    </Font>
  </ItemGroup>
  <ItemGroup>
    <Image Include="..\Debug\Textures\background.png">
      <Filter>Resource Files</Filter>
    </Image>
    <Image Include="..\Debug\Textures\pac.png">
      <Filter>Resource Files</Filter>
    </Image>
    <Image Include="..\Debug\Textures\sad_panda_is_sad.png">
      <Filter>Resource Files</Filter>
    </Image>
  </ItemGroup>
</Project>